
Microsoft Visual Studio Solution File, Format Version 12.00
# Visual Studio Version 16
VisualStudioVersion = 16.0.32407.337
MinimumVisualStudioVersion = 10.0.40219.1
Project("{9A19103F-16F7-4668-BE54-9A1E7A4F7556}") = "lab06", "lab06.csproj", "{AFCF45EC-B452-4FF8-A3D1-B9E4F9135E0D}"
EndProject
Global
	GlobalSection(SolutionConfigurationPlatforms) = preSolution
		Debug|Any CPU = Debug|Any CPU
		Release|Any CPU = Release|Any CPU
	EndGlobalSection
	GlobalSection(ProjectConfigurationPlatforms) = postSolution
		{AFCF45EC-B452-4FF8-A3D1-B9E4F9135E0D}.Debug|Any CPU.ActiveCfg = Debug|Any CPU
		{AFCF45EC-B452-4FF8-A3D1-B9E4F9135E0D}.Debug|Any CPU.Build.0 = Debug|Any CPU
		{AFCF45EC-B452-4FF8-A3D1-B9E4F9135E0D}.Release|Any CPU.ActiveCfg = Release|Any CPU
		{AFCF45EC-B452-4FF8-A3D1-B9E4F9135E0D}.Release|Any CPU.Build.0 = Release|Any CPU
	EndGlobalSection
	GlobalSection(SolutionProperties) = preSolution
		HideSolutionNode = FALSE
	EndGlobalSection
	GlobalSection(ExtensibilityGlobals) = postSolution
		SolutionGuid = {6B35F6FB-B334-477A-BFCF-4C693C0BA652}
	EndGlobalSection
EndGlobal
